
Microsoft Visual Studio Solution File, Format Version 12.00
# Visual Studio 15
VisualStudioVersion = 15.0.28010.2048
MinimumVisualStudioVersion = 10.0.40219.1
Project("{FAE04EC0-301F-11D3-BF4B-00C04F79EFBC}") = "Tcg.Owin.Security.OpenIdConnect", "Tcg.Owin.Security.OpenIdConnect\Tcg.Owin.Security.OpenIdConnect.csproj", "{273D5DC6-08A4-4414-9276-E50A0DA4B0E9}"
EndProject
Global
	GlobalSection(SolutionConfigurationPlatforms) = preSolution
		Debug|Any CPU = Debug|Any CPU
		Release|Any CPU = Release|Any CPU
	EndGlobalSection
	GlobalSection(ProjectConfigurationPlatforms) = postSolution
		{273D5DC6-08A4-4414-9276-E50A0DA4B0E9}.Debug|Any CPU.ActiveCfg = Debug|Any CPU
		{273D5DC6-08A4-4414-9276-E50A0DA4B0E9}.Debug|Any CPU.Build.0 = Debug|Any CPU
		{273D5DC6-08A4-4414-9276-E50A0DA4B0E9}.Release|Any CPU.ActiveCfg = Release|Any CPU
		{273D5DC6-08A4-4414-9276-E50A0DA4B0E9}.Release|Any CPU.Build.0 = Release|Any CPU
	EndGlobalSection
	GlobalSection(SolutionProperties) = preSolution
		HideSolutionNode = FALSE
	EndGlobalSection
	GlobalSection(ExtensibilityGlobals) = postSolution
		SolutionGuid = {41B1F114-4179-4120-9855-B6C2D559D42C}
	EndGlobalSection
EndGlobal
